
Microsoft Visual Studio Solution File, Format Version 12.00
# Visual Studio 15
VisualStudioVersion = 15.0.28307.271
MinimumVisualStudioVersion = 10.0.40219.1
Project("{FAE04EC0-301F-11D3-BF4B-00C04F79EFBC}") = "BusinessModel", "BusinessModel\BusinessModel.csproj", "{4D006E42-EC5A-47F5-946C-0111B1B55278}"
EndProject
Project("{FAE04EC0-301F-11D3-BF4B-00C04F79EFBC}") = "WebAPI", "WebAPI\WebAPI.csproj", "{86D2E7BA-9996-47BF-9B1F-B520434BCEF6}"
EndProject
Project("{FAE04EC0-301F-11D3-BF4B-00C04F79EFBC}") = "WebAPIClient", "WebAPIClient\WebAPIClient.csproj", "{57E389C0-666E-4E84-8B1B-F9B061D20F2C}"
EndProject
Project("{FAE04EC0-301F-11D3-BF4B-00C04F79EFBC}") = "PracticeConsoleApp", "PracticeConsoleApp\PracticeConsoleApp.csproj", "{5FD85B6B-C0C2-4DC0-B529-E6490ED484AC}"
EndProject
Global
	GlobalSection(SolutionConfigurationPlatforms) = preSolution
		Debug|Any CPU = Debug|Any CPU
		Release|Any CPU = Release|Any CPU
	EndGlobalSection
	GlobalSection(ProjectConfigurationPlatforms) = postSolution
		{4D006E42-EC5A-47F5-946C-0111B1B55278}.Debug|Any CPU.ActiveCfg = Debug|Any CPU
		{4D006E42-EC5A-47F5-946C-0111B1B55278}.Debug|Any CPU.Build.0 = Debug|Any CPU
		{4D006E42-EC5A-47F5-946C-0111B1B55278}.Release|Any CPU.ActiveCfg = Release|Any CPU
		{4D006E42-EC5A-47F5-946C-0111B1B55278}.Release|Any CPU.Build.0 = Release|Any CPU
		{86D2E7BA-9996-47BF-9B1F-B520434BCEF6}.Debug|Any CPU.ActiveCfg = Debug|Any CPU
		{86D2E7BA-9996-47BF-9B1F-B520434BCEF6}.Debug|Any CPU.Build.0 = Debug|Any CPU
		{86D2E7BA-9996-47BF-9B1F-B520434BCEF6}.Release|Any CPU.ActiveCfg = Release|Any CPU
		{86D2E7BA-9996-47BF-9B1F-B520434BCEF6}.Release|Any CPU.Build.0 = Release|Any CPU
		{57E389C0-666E-4E84-8B1B-F9B061D20F2C}.Debug|Any CPU.ActiveCfg = Debug|Any CPU
		{57E389C0-666E-4E84-8B1B-F9B061D20F2C}.Debug|Any CPU.Build.0 = Debug|Any CPU
		{57E389C0-666E-4E84-8B1B-F9B061D20F2C}.Release|Any CPU.ActiveCfg = Release|Any CPU
		{57E389C0-666E-4E84-8B1B-F9B061D20F2C}.Release|Any CPU.Build.0 = Release|Any CPU
		{5FD85B6B-C0C2-4DC0-B529-E6490ED484AC}.Debug|Any CPU.ActiveCfg = Debug|Any CPU
		{5FD85B6B-C0C2-4DC0-B529-E6490ED484AC}.Debug|Any CPU.Build.0 = Debug|Any CPU
		{5FD85B6B-C0C2-4DC0-B529-E6490ED484AC}.Release|Any CPU.ActiveCfg = Release|Any CPU
		{5FD85B6B-C0C2-4DC0-B529-E6490ED484AC}.Release|Any CPU.Build.0 = Release|Any CPU
	EndGlobalSection
	GlobalSection(SolutionProperties) = preSolution
		HideSolutionNode = FALSE
	EndGlobalSection
	GlobalSection(ExtensibilityGlobals) = postSolution
		SolutionGuid = {9CFB6387-27EF-4167-AA09-6DC917461A6A}
	EndGlobalSection
EndGlobal
